
Microsoft Visual Studio Solution File, Format Version 12.00
# Visual Studio Version 17
VisualStudioVersion = 17.0.31903.59
MinimumVisualStudioVersion = 10.0.40219.1
Project("{2150E333-8FDC-42A3-9474-1A3956D46DE8}") = "src", "src", "{827E0CD3-B72D-47B6-A68D-7590B98EB39B}"
EndProject
Project("{FAE04EC0-301F-11D3-BF4B-00C04F79EFBC}") = "UserService", "src\UserService\UserService.csproj", "{ACB323EA-79BB-406A-A5F7-6597DF4A42F2}"
EndProject
Project("{FAE04EC0-301F-11D3-BF4B-00C04F79EFBC}") = "GameService", "src\GameService\GameService.csproj", "{21CA3778-5DC1-4B58-84E1-0FDE183ED79E}"
EndProject
Project("{FAE04EC0-301F-11D3-BF4B-00C04F79EFBC}") = "LeaderboardService", "src\LeaderboardService\LeaderboardService.csproj", "{2D9AC88E-A26E-4053-8AB7-64B4B58B38B0}"
EndProject
Project("{FAE04EC0-301F-11D3-BF4B-00C04F79EFBC}") = "NotificationService", "src\NotificationService\NotificationService.csproj", "{D5EDBB90-BE98-49FC-8A3A-735E15604804}"
EndProject
Project("{FAE04EC0-301F-11D3-BF4B-00C04F79EFBC}") = "StatisticsService", "src\StatisticsService\StatisticsService.csproj", "{E79D14DE-6D1D-4AED-BC0F-1A6925AC3289}"
EndProject
Project("{FAE04EC0-301F-11D3-BF4B-00C04F79EFBC}") = "ApiGateway", "src\ApiGateway\ApiGateway.csproj", "{1327E412-15C8-44A7-809B-44A633E435C6}"
EndProject
Project("{2150E333-8FDC-42A3-9474-1A3956D46DE8}") = "libraries", "libraries", "{F2E35B3E-9711-EDEC-6202-DB40BDEED14A}"
EndProject
Project("{FAE04EC0-301F-11D3-BF4B-00C04F79EFBC}") = "GameHub.Common.Auth", "libraries\GameHub.Common.Auth\GameHub.Common.Auth.csproj", "{27136355-2FE4-4D9B-A9B1-E7429AE15BEE}"
EndProject
Project("{2150E333-8FDC-42A3-9474-1A3956D46DE8}") = "tests", "tests", "{0AB3BF05-4346-4AA6-1389-037BE0695223}"
EndProject
Project("{FAE04EC0-301F-11D3-BF4B-00C04F79EFBC}") = "GameService.Tests", "tests\GameService.Tests\GameService.Tests.csproj", "{CBE59659-9177-4F8E-9445-1A53B2A0614F}"
EndProject
Global
	GlobalSection(SolutionConfigurationPlatforms) = preSolution
		Debug|Any CPU = Debug|Any CPU
		Debug|x64 = Debug|x64
		Debug|x86 = Debug|x86
		Release|Any CPU = Release|Any CPU
		Release|x64 = Release|x64
		Release|x86 = Release|x86
	EndGlobalSection
	GlobalSection(ProjectConfigurationPlatforms) = postSolution
		{ACB323EA-79BB-406A-A5F7-6597DF4A42F2}.Debug|Any CPU.ActiveCfg = Debug|Any CPU
		{ACB323EA-79BB-406A-A5F7-6597DF4A42F2}.Debug|Any CPU.Build.0 = Debug|Any CPU
		{ACB323EA-79BB-406A-A5F7-6597DF4A42F2}.Debug|x64.ActiveCfg = Debug|Any CPU
		{ACB323EA-79BB-406A-A5F7-6597DF4A42F2}.Debug|x64.Build.0 = Debug|Any CPU
		{ACB323EA-79BB-406A-A5F7-6597DF4A42F2}.Debug|x86.ActiveCfg = Debug|Any CPU
		{ACB323EA-79BB-406A-A5F7-6597DF4A42F2}.Debug|x86.Build.0 = Debug|Any CPU
		{ACB323EA-79BB-406A-A5F7-6597DF4A42F2}.Release|Any CPU.ActiveCfg = Release|Any CPU
		{ACB323EA-79BB-406A-A5F7-6597DF4A42F2}.Release|Any CPU.Build.0 = Release|Any CPU
		{ACB323EA-79BB-406A-A5F7-6597DF4A42F2}.Release|x64.ActiveCfg = Release|Any CPU
		{ACB323EA-79BB-406A-A5F7-6597DF4A42F2}.Release|x64.Build.0 = Release|Any CPU
		{ACB323EA-79BB-406A-A5F7-6597DF4A42F2}.Release|x86.ActiveCfg = Release|Any CPU
		{ACB323EA-79BB-406A-A5F7-6597DF4A42F2}.Release|x86.Build.0 = Release|Any CPU
		{21CA3778-5DC1-4B58-84E1-0FDE183ED79E}.Debug|Any CPU.ActiveCfg = Debug|Any CPU
		{21CA3778-5DC1-4B58-84E1-0FDE183ED79E}.Debug|Any CPU.Build.0 = Debug|Any CPU
		{21CA3778-5DC1-4B58-84E1-0FDE183ED79E}.Debug|x64.ActiveCfg = Debug|Any CPU
		{21CA3778-5DC1-4B58-84E1-0FDE183ED79E}.Debug|x64.Build.0 = Debug|Any CPU
		{21CA3778-5DC1-4B58-84E1-0FDE183ED79E}.Debug|x86.ActiveCfg = Debug|Any CPU
		{21CA3778-5DC1-4B58-84E1-0FDE183ED79E}.Debug|x86.Build.0 = Debug|Any CPU
		{21CA3778-5DC1-4B58-84E1-0FDE183ED79E}.Release|Any CPU.ActiveCfg = Release|Any CPU
		{21CA3778-5DC1-4B58-84E1-0FDE183ED79E}.Release|Any CPU.Build.0 = Release|Any CPU
		{21CA3778-5DC1-4B58-84E1-0FDE183ED79E}.Release|x64.ActiveCfg = Release|Any CPU
		{21CA3778-5DC1-4B58-84E1-0FDE183ED79E}.Release|x64.Build.0 = Release|Any CPU
		{21CA3778-5DC1-4B58-84E1-0FDE183ED79E}.Release|x86.ActiveCfg = Release|Any CPU
		{21CA3778-5DC1-4B58-84E1-0FDE183ED79E}.Release|x86.Build.0 = Release|Any CPU
		{2D9AC88E-A26E-4053-8AB7-64B4B58B38B0}.Debug|Any CPU.ActiveCfg = Debug|Any CPU
		{2D9AC88E-A26E-4053-8AB7-64B4B58B38B0}.Debug|Any CPU.Build.0 = Debug|Any CPU
		{2D9AC88E-A26E-4053-8AB7-64B4B58B38B0}.Debug|x64.ActiveCfg = Debug|Any CPU
		{2D9AC88E-A26E-4053-8AB7-64B4B58B38B0}.Debug|x64.Build.0 = Debug|Any CPU
		{2D9AC88E-A26E-4053-8AB7-64B4B58B38B0}.Debug|x86.ActiveCfg = Debug|Any CPU
		{2D9AC88E-A26E-4053-8AB7-64B4B58B38B0}.Debug|x86.Build.0 = Debug|Any CPU
		{2D9AC88E-A26E-4053-8AB7-64B4B58B38B0}.Release|Any CPU.ActiveCfg = Release|Any CPU
		{2D9AC88E-A26E-4053-8AB7-64B4B58B38B0}.Release|Any CPU.Build.0 = Release|Any CPU
		{2D9AC88E-A26E-4053-8AB7-64B4B58B38B0}.Release|x64.ActiveCfg = Release|Any CPU
		{2D9AC88E-A26E-4053-8AB7-64B4B58B38B0}.Release|x64.Build.0 = Release|Any CPU
		{2D9AC88E-A26E-4053-8AB7-64B4B58B38B0}.Release|x86.ActiveCfg = Release|Any CPU
		{2D9AC88E-A26E-4053-8AB7-64B4B58B38B0}.Release|x86.Build.0 = Release|Any CPU
		{D5EDBB90-BE98-49FC-8A3A-735E15604804}.Debug|Any CPU.ActiveCfg = Debug|Any CPU
		{D5EDBB90-BE98-49FC-8A3A-735E15604804}.Debug|Any CPU.Build.0 = Debug|Any CPU
		{D5EDBB90-BE98-49FC-8A3A-735E15604804}.Debug|x64.ActiveCfg = Debug|Any CPU
		{D5EDBB90-BE98-49FC-8A3A-735E15604804}.Debug|x64.Build.0 = Debug|Any CPU
		{D5EDBB90-BE98-49FC-8A3A-735E15604804}.Debug|x86.ActiveCfg = Debug|Any CPU
		{D5EDBB90-BE98-49FC-8A3A-735E15604804}.Debug|x86.Build.0 = Debug|Any CPU
		{D5EDBB90-BE98-49FC-8A3A-735E15604804}.Release|Any CPU.ActiveCfg = Release|Any CPU
		{D5EDBB90-BE98-49FC-8A3A-735E15604804}.Release|Any CPU.Build.0 = Release|Any CPU
		{D5EDBB90-BE98-49FC-8A3A-735E15604804}.Release|x64.ActiveCfg = Release|Any CPU
		{D5EDBB90-BE98-49FC-8A3A-735E15604804}.Release|x64.Build.0 = Release|Any CPU
		{D5EDBB90-BE98-49FC-8A3A-735E15604804}.Release|x86.ActiveCfg = Release|Any CPU
		{D5EDBB90-BE98-49FC-8A3A-735E15604804}.Release|x86.Build.0 = Release|Any CPU
		{E79D14DE-6D1D-4AED-BC0F-1A6925AC3289}.Debug|Any CPU.ActiveCfg = Debug|Any CPU
		{E79D14DE-6D1D-4AED-BC0F-1A6925AC3289}.Debug|Any CPU.Build.0 = Debug|Any CPU
		{E79D14DE-6D1D-4AED-BC0F-1A6925AC3289}.Debug|x64.ActiveCfg = Debug|Any CPU
		{E79D14DE-6D1D-4AED-BC0F-1A6925AC3289}.Debug|x64.Build.0 = Debug|Any CPU
		{E79D14DE-6D1D-4AED-BC0F-1A6925AC3289}.Debug|x86.ActiveCfg = Debug|Any CPU
		{E79D14DE-6D1D-4AED-BC0F-1A6925AC3289}.Debug|x86.Build.0 = Debug|Any CPU
		{E79D14DE-6D1D-4AED-BC0F-1A6925AC3289}.Release|Any CPU.ActiveCfg = Release|Any CPU
		{E79D14DE-6D1D-4AED-BC0F-1A6925AC3289}.Release|Any CPU.Build.0 = Release|Any CPU
		{E79D14DE-6D1D-4AED-BC0F-1A6925AC3289}.Release|x64.ActiveCfg = Release|Any CPU
		{E79D14DE-6D1D-4AED-BC0F-1A6925AC3289}.Release|x64.Build.0 = Release|Any CPU
		{E79D14DE-6D1D-4AED-BC0F-1A6925AC3289}.Release|x86.ActiveCfg = Release|Any CPU
		{E79D14DE-6D1D-4AED-BC0F-1A6925AC3289}.Release|x86.Build.0 = Release|Any CPU
		{1327E412-15C8-44A7-809B-44A633E435C6}.Debug|Any CPU.ActiveCfg = Debug|Any CPU
		{1327E412-15C8-44A7-809B-44A633E435C6}.Debug|Any CPU.Build.0 = Debug|Any CPU
		{1327E412-15C8-44A7-809B-44A633E435C6}.Debug|x64.ActiveCfg = Debug|Any CPU
		{1327E412-15C8-44A7-809B-44A633E435C6}.Debug|x64.Build.0 = Debug|Any CPU
		{1327E412-15C8-44A7-809B-44A633E435C6}.Debug|x86.ActiveCfg = Debug|Any CPU
		{1327E412-15C8-44A7-809B-44A633E435C6}.Debug|x86.Build.0 = Debug|Any CPU
		{1327E412-15C8-44A7-809B-44A633E435C6}.Release|Any CPU.ActiveCfg = Release|Any CPU
		{1327E412-15C8-44A7-809B-44A633E435C6}.Release|Any CPU.Build.0 = Release|Any CPU
		{1327E412-15C8-44A7-809B-44A633E435C6}.Release|x64.ActiveCfg = Release|Any CPU
		{1327E412-15C8-44A7-809B-44A633E435C6}.Release|x64.Build.0 = Release|Any CPU
		{1327E412-15C8-44A7-809B-44A633E435C6}.Release|x86.ActiveCfg = Release|Any CPU
		{1327E412-15C8-44A7-809B-44A633E435C6}.Release|x86.Build.0 = Release|Any CPU
		{27136355-2FE4-4D9B-A9B1-E7429AE15BEE}.Debug|Any CPU.ActiveCfg = Debug|Any CPU
		{27136355-2FE4-4D9B-A9B1-E7429AE15BEE}.Debug|Any CPU.Build.0 = Debug|Any CPU
		{27136355-2FE4-4D9B-A9B1-E7429AE15BEE}.Debug|x64.ActiveCfg = Debug|Any CPU
		{27136355-2FE4-4D9B-A9B1-E7429AE15BEE}.Debug|x64.Build.0 = Debug|Any CPU
		{27136355-2FE4-4D9B-A9B1-E7429AE15BEE}.Debug|x86.ActiveCfg = Debug|Any CPU
		{27136355-2FE4-4D9B-A9B1-E7429AE15BEE}.Debug|x86.Build.0 = Debug|Any CPU
		{27136355-2FE4-4D9B-A9B1-E7429AE15BEE}.Release|Any CPU.ActiveCfg = Release|Any CPU
		{27136355-2FE4-4D9B-A9B1-E7429AE15BEE}.Release|Any CPU.Build.0 = Release|Any CPU
		{27136355-2FE4-4D9B-A9B1-E7429AE15BEE}.Release|x64.ActiveCfg = Release|Any CPU
		{27136355-2FE4-4D9B-A9B1-E7429AE15BEE}.Release|x64.Build.0 = Release|Any CPU
		{27136355-2FE4-4D9B-A9B1-E7429AE15BEE}.Release|x86.ActiveCfg = Release|Any CPU
		{27136355-2FE4-4D9B-A9B1-E7429AE15BEE}.Release|x86.Build.0 = Release|Any CPU
		{CBE59659-9177-4F8E-9445-1A53B2A0614F}.Debug|Any CPU.ActiveCfg = Debug|Any CPU
		{CBE59659-9177-4F8E-9445-1A53B2A0614F}.Debug|Any CPU.Build.0 = Debug|Any CPU
		{CBE59659-9177-4F8E-9445-1A53B2A0614F}.Debug|x64.ActiveCfg = Debug|Any CPU
		{CBE59659-9177-4F8E-9445-1A53B2A0614F}.Debug|x64.Build.0 = Debug|Any CPU
		{CBE59659-9177-4F8E-9445-1A53B2A0614F}.Debug|x86.ActiveCfg = Debug|Any CPU
		{CBE59659-9177-4F8E-9445-1A53B2A0614F}.Debug|x86.Build.0 = Debug|Any CPU
		{CBE59659-9177-4F8E-9445-1A53B2A0614F}.Release|Any CPU.ActiveCfg = Release|Any CPU
		{CBE59659-9177-4F8E-9445-1A53B2A0614F}.Release|Any CPU.Build.0 = Release|Any CPU
		{CBE59659-9177-4F8E-9445-1A53B2A0614F}.Release|x64.ActiveCfg = Release|Any CPU
		{CBE59659-9177-4F8E-9445-1A53B2A0614F}.Release|x64.Build.0 = Release|Any CPU
		{CBE59659-9177-4F8E-9445-1A53B2A0614F}.Release|x86.ActiveCfg = Release|Any CPU
		{CBE59659-9177-4F8E-9445-1A53B2A0614F}.Release|x86.Build.0 = Release|Any CPU
	EndGlobalSection
	GlobalSection(SolutionProperties) = preSolution
		HideSolutionNode = FALSE
	EndGlobalSection
	GlobalSection(NestedProjects) = preSolution
		{ACB323EA-79BB-406A-A5F7-6597DF4A42F2} = {827E0CD3-B72D-47B6-A68D-7590B98EB39B}
		{21CA3778-5DC1-4B58-84E1-0FDE183ED79E} = {827E0CD3-B72D-47B6-A68D-7590B98EB39B}
		{2D9AC88E-A26E-4053-8AB7-64B4B58B38B0} = {827E0CD3-B72D-47B6-A68D-7590B98EB39B}
		{D5EDBB90-BE98-49FC-8A3A-735E15604804} = {827E0CD3-B72D-47B6-A68D-7590B98EB39B}
		{E79D14DE-6D1D-4AED-BC0F-1A6925AC3289} = {827E0CD3-B72D-47B6-A68D-7590B98EB39B}
		{1327E412-15C8-44A7-809B-44A633E435C6} = {827E0CD3-B72D-47B6-A68D-7590B98EB39B}
		{27136355-2FE4-4D9B-A9B1-E7429AE15BEE} = {F2E35B3E-9711-EDEC-6202-DB40BDEED14A}
		{CBE59659-9177-4F8E-9445-1A53B2A0614F} = {0AB3BF05-4346-4AA6-1389-037BE0695223}
	EndGlobalSection
EndGlobal
